// !$*UTF8*$!
{
	archiveVersion = 1;
	classes = {
	};
	objectVersion = 48;
	objects = {

/* Begin PBXBuildFile section */
		A02A5243201AFC5300B65316 /* FavoriteManager.swift in Sources */ = {isa = PBXBuildFile; fileRef = A02A5242201AFC5300B65316 /* FavoriteManager.swift */; };
		A02A5245201B080200B65316 /* Mock.json in Resources */ = {isa = PBXBuildFile; fileRef = A02A5244201B080200B65316 /* Mock.json */; };
		A02A5249201B090600B65316 /* GamesViewModelTests.swift in Sources */ = {isa = PBXBuildFile; fileRef = A02A5248201B090600B65316 /* GamesViewModelTests.swift */; };
		A02A524B201B11FB00B65316 /* GameResultTests.swift in Sources */ = {isa = PBXBuildFile; fileRef = A02A524A201B11FB00B65316 /* GameResultTests.swift */; };
		A042B2652018E28100D76272 /* GameBoxImage.swift in Sources */ = {isa = PBXBuildFile; fileRef = A042B2642018E28100D76272 /* GameBoxImage.swift */; };
		A042B2672018E77700D76272 /* Array+Extension.swift in Sources */ = {isa = PBXBuildFile; fileRef = A042B2662018E77700D76272 /* Array+Extension.swift */; };
		A042B2692018EB9F00D76272 /* UIViewController+Extension.swift in Sources */ = {isa = PBXBuildFile; fileRef = A042B2682018EB9F00D76272 /* UIViewController+Extension.swift */; };
		A042B26B2018EBCB00D76272 /* UICollectionViewCell+Extension.swift in Sources */ = {isa = PBXBuildFile; fileRef = A042B26A2018EBCB00D76272 /* UICollectionViewCell+Extension.swift */; };
		A042B26E2018EC6100D76272 /* GameCell.swift in Sources */ = {isa = PBXBuildFile; fileRef = A042B26D2018EC6100D76272 /* GameCell.swift */; };
		A042B2702018F7E400D76272 /* DetailViewController.swift in Sources */ = {isa = PBXBuildFile; fileRef = A042B26F2018F7E400D76272 /* DetailViewController.swift */; };
		A042B2722018F98B00D76272 /* DetailGameViewModel.swift in Sources */ = {isa = PBXBuildFile; fileRef = A042B2712018F98B00D76272 /* DetailGameViewModel.swift */; };
		A042B2792019171700D76272 /* LocalDataBase.swift in Sources */ = {isa = PBXBuildFile; fileRef = A042B2782019171700D76272 /* LocalDataBase.swift */; };
		A069C76B201A683E0012194E /* Favorite.xcdatamodeld in Sources */ = {isa = PBXBuildFile; fileRef = A069C769201A683E0012194E /* Favorite.xcdatamodeld */; };
		A0F1F2A52017D58900304CA1 /* AppDelegate.swift in Sources */ = {isa = PBXBuildFile; fileRef = A0F1F2972017D58900304CA1 /* AppDelegate.swift */; };
		A0F1F2A62017D58900304CA1 /* Assets.xcassets in Resources */ = {isa = PBXBuildFile; fileRef = A0F1F2982017D58900304CA1 /* Assets.xcassets */; };
		A0F1F2B42017D61400304CA1 /* LaunchScreen.storyboard in Resources */ = {isa = PBXBuildFile; fileRef = A0F1F2B22017D61400304CA1 /* LaunchScreen.storyboard */; };
		A0F1F2B52017D61400304CA1 /* Main.storyboard in Resources */ = {isa = PBXBuildFile; fileRef = A0F1F2B32017D61400304CA1 /* Main.storyboard */; };
		A0F1F2B72017D62E00304CA1 /* BaseAPI.swift in Sources */ = {isa = PBXBuildFile; fileRef = A0F1F2B62017D62E00304CA1 /* BaseAPI.swift */; };
		A0F1F2BA2017D69C00304CA1 /* Error+Extension.swift in Sources */ = {isa = PBXBuildFile; fileRef = A0F1F2B92017D69C00304CA1 /* Error+Extension.swift */; };
		A0F1F2BC2017D72900304CA1 /* AccessTokenRequest.swift in Sources */ = {isa = PBXBuildFile; fileRef = A0F1F2BB2017D72900304CA1 /* AccessTokenRequest.swift */; };
		A0F1F2BE2017D74E00304CA1 /* AccessToken.swift in Sources */ = {isa = PBXBuildFile; fileRef = A0F1F2BD2017D74E00304CA1 /* AccessToken.swift */; };
		A0F1F2C02017DA9300304CA1 /* HomeViewController.swift in Sources */ = {isa = PBXBuildFile; fileRef = A0F1F2BF2017DA9300304CA1 /* HomeViewController.swift */; };
		A0F1F2C22018DC5200304CA1 /* HomeViewModel.swift in Sources */ = {isa = PBXBuildFile; fileRef = A0F1F2C12018DC5200304CA1 /* HomeViewModel.swift */; };
		A0F1F2C42018DD5D00304CA1 /* Game.swift in Sources */ = {isa = PBXBuildFile; fileRef = A0F1F2C32018DD5D00304CA1 /* Game.swift */; };
		A0F1F2C62018DD7F00304CA1 /* GameRequest.swift in Sources */ = {isa = PBXBuildFile; fileRef = A0F1F2C52018DD7F00304CA1 /* GameRequest.swift */; };
		A0F1F2C82018DF9B00304CA1 /* GameResult.swift in Sources */ = {isa = PBXBuildFile; fileRef = A0F1F2C72018DF9B00304CA1 /* GameResult.swift */; };
		A0F1F2CA2018E03500304CA1 /* GameModel.swift in Sources */ = {isa = PBXBuildFile; fileRef = A0F1F2C92018E03500304CA1 /* GameModel.swift */; };
/* End PBXBuildFile section */

/* Begin PBXContainerItemProxy section */
		A0B032432017C24E008E9BAF /* PBXContainerItemProxy */ = {
			isa = PBXContainerItemProxy;
			containerPortal = A0B032262017C24E008E9BAF /* Project object */;
			proxyType = 1;
			remoteGlobalIDString = A0B0322D2017C24E008E9BAF;
			remoteInfo = Games;
		};
/* End PBXContainerItemProxy section */

/* Begin PBXFileReference section */
		A02A5242201AFC5300B65316 /* FavoriteManager.swift */ = {isa = PBXFileReference; lastKnownFileType = sourcecode.swift; path = FavoriteManager.swift; sourceTree = "<group>"; };
		A02A5244201B080200B65316 /* Mock.json */ = {isa = PBXFileReference; lastKnownFileType = text.json; path = Mock.json; sourceTree = "<group>"; };
		A02A5248201B090600B65316 /* GamesViewModelTests.swift */ = {isa = PBXFileReference; fileEncoding = 4; lastKnownFileType = sourcecode.swift; path = GamesViewModelTests.swift; sourceTree = "<group>"; };
		A02A524A201B11FB00B65316 /* GameResultTests.swift */ = {isa = PBXFileReference; lastKnownFileType = sourcecode.swift; path = GameResultTests.swift; sourceTree = "<group>"; };
		A042B2642018E28100D76272 /* GameBoxImage.swift */ = {isa = PBXFileReference; lastKnownFileType = sourcecode.swift; path = GameBoxImage.swift; sourceTree = "<group>"; };
		A042B2662018E77700D76272 /* Array+Extension.swift */ = {isa = PBXFileReference; lastKnownFileType = sourcecode.swift; path = "Array+Extension.swift"; sourceTree = "<group>"; };
		A042B2682018EB9F00D76272 /* UIViewController+Extension.swift */ = {isa = PBXFileReference; lastKnownFileType = sourcecode.swift; path = "UIViewController+Extension.swift"; sourceTree = "<group>"; };
		A042B26A2018EBCB00D76272 /* UICollectionViewCell+Extension.swift */ = {isa = PBXFileReference; lastKnownFileType = sourcecode.swift; path = "UICollectionViewCell+Extension.swift"; sourceTree = "<group>"; };
		A042B26D2018EC6100D76272 /* GameCell.swift */ = {isa = PBXFileReference; lastKnownFileType = sourcecode.swift; path = GameCell.swift; sourceTree = "<group>"; };
		A042B26F2018F7E400D76272 /* DetailViewController.swift */ = {isa = PBXFileReference; lastKnownFileType = sourcecode.swift; path = DetailViewController.swift; sourceTree = "<group>"; };
		A042B2712018F98B00D76272 /* DetailGameViewModel.swift */ = {isa = PBXFileReference; lastKnownFileType = sourcecode.swift; path = DetailGameViewModel.swift; sourceTree = "<group>"; };
		A042B2782019171700D76272 /* LocalDataBase.swift */ = {isa = PBXFileReference; lastKnownFileType = sourcecode.swift; path = LocalDataBase.swift; sourceTree = "<group>"; };
		A069C76A201A683E0012194E /* Favorite.xcdatamodel */ = {isa = PBXFileReference; lastKnownFileType = wrapper.xcdatamodel; path = Favorite.xcdatamodel; sourceTree = "<group>"; };
		A0B0322E2017C24E008E9BAF /* Games.app */ = {isa = PBXFileReference; explicitFileType = wrapper.application; includeInIndex = 0; path = Games.app; sourceTree = BUILT_PRODUCTS_DIR; };
		A0B0323D2017C24E008E9BAF /* Info.plist */ = {isa = PBXFileReference; lastKnownFileType = text.plist.xml; path = Info.plist; sourceTree = "<group>"; };
		A0B032422017C24E008E9BAF /* GamesTests.xctest */ = {isa = PBXFileReference; explicitFileType = wrapper.cfbundle; includeInIndex = 0; path = GamesTests.xctest; sourceTree = BUILT_PRODUCTS_DIR; };
		A0B032482017C24E008E9BAF /* Info.plist */ = {isa = PBXFileReference; lastKnownFileType = text.plist.xml; path = Info.plist; sourceTree = "<group>"; };
		A0F1F2972017D58900304CA1 /* AppDelegate.swift */ = {isa = PBXFileReference; fileEncoding = 4; lastKnownFileType = sourcecode.swift; path = AppDelegate.swift; sourceTree = "<group>"; };
		A0F1F2982017D58900304CA1 /* Assets.xcassets */ = {isa = PBXFileReference; lastKnownFileType = folder.assetcatalog; path = Assets.xcassets; sourceTree = "<group>"; };
		A0F1F2B22017D61400304CA1 /* LaunchScreen.storyboard */ = {isa = PBXFileReference; fileEncoding = 4; lastKnownFileType = file.storyboard; path = LaunchScreen.storyboard; sourceTree = "<group>"; };
		A0F1F2B32017D61400304CA1 /* Main.storyboard */ = {isa = PBXFileReference; fileEncoding = 4; lastKnownFileType = file.storyboard; path = Main.storyboard; sourceTree = "<group>"; };
		A0F1F2B62017D62E00304CA1 /* BaseAPI.swift */ = {isa = PBXFileReference; lastKnownFileType = sourcecode.swift; path = BaseAPI.swift; sourceTree = "<group>"; };
		A0F1F2B92017D69C00304CA1 /* Error+Extension.swift */ = {isa = PBXFileReference; lastKnownFileType = sourcecode.swift; path = "Error+Extension.swift"; sourceTree = "<group>"; };
		A0F1F2BB2017D72900304CA1 /* AccessTokenRequest.swift */ = {isa = PBXFileReference; lastKnownFileType = sourcecode.swift; path = AccessTokenRequest.swift; sourceTree = "<group>"; };
		A0F1F2BD2017D74E00304CA1 /* AccessToken.swift */ = {isa = PBXFileReference; lastKnownFileType = sourcecode.swift; path = AccessToken.swift; sourceTree = "<group>"; };
		A0F1F2BF2017DA9300304CA1 /* HomeViewController.swift */ = {isa = PBXFileReference; lastKnownFileType = sourcecode.swift; path = HomeViewController.swift; sourceTree = "<group>"; };
		A0F1F2C12018DC5200304CA1 /* HomeViewModel.swift */ = {isa = PBXFileReference; lastKnownFileType = sourcecode.swift; path = HomeViewModel.swift; sourceTree = "<group>"; };
		A0F1F2C32018DD5D00304CA1 /* Game.swift */ = {isa = PBXFileReference; lastKnownFileType = sourcecode.swift; path = Game.swift; sourceTree = "<group>"; };
		A0F1F2C52018DD7F00304CA1 /* GameRequest.swift */ = {isa = PBXFileReference; lastKnownFileType = sourcecode.swift; path = GameRequest.swift; sourceTree = "<group>"; };
		A0F1F2C72018DF9B00304CA1 /* GameResult.swift */ = {isa = PBXFileReference; lastKnownFileType = sourcecode.swift; path = GameResult.swift; sourceTree = "<group>"; };
		A0F1F2C92018E03500304CA1 /* GameModel.swift */ = {isa = PBXFileReference; lastKnownFileType = sourcecode.swift; path = GameModel.swift; sourceTree = "<group>"; };
/* End PBXFileReference section */

/* Begin PBXFrameworksBuildPhase section */
		A0B0322B2017C24E008E9BAF /* Frameworks */ = {
			isa = PBXFrameworksBuildPhase;
			buildActionMask = 2147483647;
			files = (
			);
			runOnlyForDeploymentPostprocessing = 0;
		};
		A0B0323F2017C24E008E9BAF /* Frameworks */ = {
			isa = PBXFrameworksBuildPhase;
			buildActionMask = 2147483647;
			files = (
			);
			runOnlyForDeploymentPostprocessing = 0;
		};
/* End PBXFrameworksBuildPhase section */

/* Begin PBXGroup section */
		A02A5246201B090600B65316 /* Model */ = {
			isa = PBXGroup;
			children = (
				A02A524A201B11FB00B65316 /* GameResultTests.swift */,
			);
			path = Model;
			sourceTree = "<group>";
		};
		A02A5247201B090600B65316 /* ViewModel */ = {
			isa = PBXGroup;
			children = (
				A02A5248201B090600B65316 /* GamesViewModelTests.swift */,
			);
			path = ViewModel;
			sourceTree = "<group>";
		};
		A042B26C2018EC4400D76272 /* Components */ = {
			isa = PBXGroup;
			children = (
				A042B26D2018EC6100D76272 /* GameCell.swift */,
			);
			path = Components;
			sourceTree = "<group>";
		};
		A042B2772019170A00D76272 /* DataBase */ = {
			isa = PBXGroup;
			children = (
				A02A5242201AFC5300B65316 /* FavoriteManager.swift */,
				A042B2782019171700D76272 /* LocalDataBase.swift */,
				A069C769201A683E0012194E /* Favorite.xcdatamodeld */,
			);
			name = DataBase;
			path = Base.lproj/DataBase;
			sourceTree = "<group>";
		};
		A0B032252017C24E008E9BAF = {
			isa = PBXGroup;
			children = (
				A0B032302017C24E008E9BAF /* Games */,
				A0B032452017C24E008E9BAF /* GamesTests */,
				A0B0322F2017C24E008E9BAF /* Products */,
				D035A8BAF1EDD2780DED0A6F /* Frameworks */,
			);
			sourceTree = "<group>";
		};
		A0B0322F2017C24E008E9BAF /* Products */ = {
			isa = PBXGroup;
			children = (
				A0B0322E2017C24E008E9BAF /* Games.app */,
				A0B032422017C24E008E9BAF /* GamesTests.xctest */,
			);
			name = Products;
			sourceTree = "<group>";
		};
		A0B032302017C24E008E9BAF /* Games */ = {
			isa = PBXGroup;
			children = (
				A042B2772019170A00D76272 /* DataBase */,
				A0F1F2AD2017D61400304CA1 /* Base */,
				A0F1F2AC2017D61400304CA1 /* Model */,
				A0F1F2A92017D61400304CA1 /* Network */,
				A0F1F2B12017D61400304CA1 /* Storyboard */,
				A0F1F2962017D58900304CA1 /* AppDelegate */,
				A0F1F2952017D58900304CA1 /* OtherFiles */,
				A0B0323D2017C24E008E9BAF /* Info.plist */,
			);
			path = Games;
			sourceTree = "<group>";
		};
		A0B032452017C24E008E9BAF /* GamesTests */ = {
			isa = PBXGroup;
			children = (
				A02A5246201B090600B65316 /* Model */,
				A02A5247201B090600B65316 /* ViewModel */,
				A0B032482017C24E008E9BAF /* Info.plist */,
			);
			path = GamesTests;
			sourceTree = "<group>";
		};
		A0F1F2952017D58900304CA1 /* OtherFiles */ = {
			isa = PBXGroup;
			children = (
				A0F1F2B82017D68D00304CA1 /* Extensions */,
				A0F1F2982017D58900304CA1 /* Assets.xcassets */,
				A02A5244201B080200B65316 /* Mock.json */,
			);
			path = OtherFiles;
			sourceTree = "<group>";
		};
		A0F1F2962017D58900304CA1 /* AppDelegate */ = {
			isa = PBXGroup;
			children = (
				A0F1F2972017D58900304CA1 /* AppDelegate.swift */,
			);
			path = AppDelegate;
			sourceTree = "<group>";
		};
		A0F1F2A92017D61400304CA1 /* Network */ = {
			isa = PBXGroup;
			children = (
				A0F1F2AA2017D61400304CA1 /* BaseAPI */,
				A0F1F2AB2017D61400304CA1 /* Requests */,
			);
			name = Network;
			path = Base.lproj/Network;
			sourceTree = "<group>";
		};
		A0F1F2AA2017D61400304CA1 /* BaseAPI */ = {
			isa = PBXGroup;
			children = (
				A0F1F2B62017D62E00304CA1 /* BaseAPI.swift */,
			);
			path = BaseAPI;
			sourceTree = "<group>";
		};
		A0F1F2AB2017D61400304CA1 /* Requests */ = {
			isa = PBXGroup;
			children = (
				A0F1F2BB2017D72900304CA1 /* AccessTokenRequest.swift */,
				A0F1F2C52018DD7F00304CA1 /* GameRequest.swift */,
			);
			path = Requests;
			sourceTree = "<group>";
		};
		A0F1F2AC2017D61400304CA1 /* Model */ = {
			isa = PBXGroup;
			children = (
				A0F1F2BD2017D74E00304CA1 /* AccessToken.swift */,
				A0F1F2C72018DF9B00304CA1 /* GameResult.swift */,
				A0F1F2C32018DD5D00304CA1 /* Game.swift */,
				A0F1F2C92018E03500304CA1 /* GameModel.swift */,
				A042B2642018E28100D76272 /* GameBoxImage.swift */,
			);
			name = Model;
			path = Base.lproj/Model;
			sourceTree = "<group>";
		};
		A0F1F2AD2017D61400304CA1 /* Base */ = {
			isa = PBXGroup;
			children = (
				A0F1F2AE2017D61400304CA1 /* Games */,
			);
			name = Base;
			path = Base.lproj/Base;
			sourceTree = "<group>";
		};
		A0F1F2AE2017D61400304CA1 /* Games */ = {
			isa = PBXGroup;
			children = (
				A0F1F2B02017D61400304CA1 /* HomeViewController */,
				A0F1F2AF2017D61400304CA1 /* DetailViewController */,
			);
			path = Games;
			sourceTree = "<group>";
		};
		A0F1F2AF2017D61400304CA1 /* DetailViewController */ = {
			isa = PBXGroup;
			children = (
				A042B26F2018F7E400D76272 /* DetailViewController.swift */,
				A042B2712018F98B00D76272 /* DetailGameViewModel.swift */,
			);
			path = DetailViewController;
			sourceTree = "<group>";
		};
		A0F1F2B02017D61400304CA1 /* HomeViewController */ = {
			isa = PBXGroup;
			children = (
				A0F1F2C12018DC5200304CA1 /* HomeViewModel.swift */,
				A0F1F2BF2017DA9300304CA1 /* HomeViewController.swift */,
				A042B26C2018EC4400D76272 /* Components */,
			);
			path = HomeViewController;
			sourceTree = "<group>";
		};
		A0F1F2B12017D61400304CA1 /* Storyboard */ = {
			isa = PBXGroup;
			children = (
				A0F1F2B22017D61400304CA1 /* LaunchScreen.storyboard */,
				A0F1F2B32017D61400304CA1 /* Main.storyboard */,
			);
			name = Storyboard;
			path = Base.lproj/Storyboard;
			sourceTree = "<group>";
		};
		A0F1F2B82017D68D00304CA1 /* Extensions */ = {
			isa = PBXGroup;
			children = (
				A0F1F2B92017D69C00304CA1 /* Error+Extension.swift */,
				A042B2662018E77700D76272 /* Array+Extension.swift */,
				A042B2682018EB9F00D76272 /* UIViewController+Extension.swift */,
				A042B26A2018EBCB00D76272 /* UICollectionViewCell+Extension.swift */,
			);
			path = Extensions;
			sourceTree = "<group>";
		};
		D035A8BAF1EDD2780DED0A6F /* Frameworks */ = {
			isa = PBXGroup;
			children = (
			);
			name = Frameworks;
			sourceTree = "<group>";
		};
/* End PBXGroup section */

/* Begin PBXNativeTarget section */
		A0B0322D2017C24E008E9BAF /* Games */ = {
			isa = PBXNativeTarget;
			buildConfigurationList = A0B0324B2017C24E008E9BAF /* Build configuration list for PBXNativeTarget "Games" */;
			buildPhases = (
				A0B0322A2017C24E008E9BAF /* Sources */,
				A0B0322B2017C24E008E9BAF /* Frameworks */,
				A0B0322C2017C24E008E9BAF /* Resources */,
			);
			buildRules = (
			);
			dependencies = (
			);
			name = Games;
			productName = Games;
			productReference = A0B0322E2017C24E008E9BAF /* Games.app */;
			productType = "com.apple.product-type.application";
		};
		A0B032412017C24E008E9BAF /* GamesTests */ = {
			isa = PBXNativeTarget;
			buildConfigurationList = A0B0324E2017C24E008E9BAF /* Build configuration list for PBXNativeTarget "GamesTests" */;
			buildPhases = (
				A0B0323E2017C24E008E9BAF /* Sources */,
				A0B0323F2017C24E008E9BAF /* Frameworks */,
				A0B032402017C24E008E9BAF /* Resources */,
			);
			buildRules = (
			);
			dependencies = (
				A0B032442017C24E008E9BAF /* PBXTargetDependency */,
			);
			name = GamesTests;
			productName = GamesTests;
			productReference = A0B032422017C24E008E9BAF /* GamesTests.xctest */;
			productType = "com.apple.product-type.bundle.unit-test";
		};
/* End PBXNativeTarget section */

/* Begin PBXProject section */
		A0B032262017C24E008E9BAF /* Project object */ = {
			isa = PBXProject;
			attributes = {
				LastSwiftUpdateCheck = 0910;
				LastUpgradeCheck = 0920;
				ORGANIZATIONNAME = "Vinicius Minozzi";
				TargetAttributes = {
					A0B0322D2017C24E008E9BAF = {
						CreatedOnToolsVersion = 9.1;
						ProvisioningStyle = Automatic;
					};
					A0B032412017C24E008E9BAF = {
						CreatedOnToolsVersion = 9.1;
						ProvisioningStyle = Automatic;
						TestTargetID = A0B0322D2017C24E008E9BAF;
					};
				};
			};
			buildConfigurationList = A0B032292017C24E008E9BAF /* Build configuration list for PBXProject "Games" */;
			compatibilityVersion = "Xcode 8.0";
			developmentRegion = en;
			hasScannedForEncodings = 0;
			knownRegions = (
				en,
				Base,
			);
			mainGroup = A0B032252017C24E008E9BAF;
			productRefGroup = A0B0322F2017C24E008E9BAF /* Products */;
			projectDirPath = "";
			projectRoot = "";
			targets = (
				A0B0322D2017C24E008E9BAF /* Games */,
				A0B032412017C24E008E9BAF /* GamesTests */,
			);
		};
/* End PBXProject section */

/* Begin PBXResourcesBuildPhase section */
		A0B0322C2017C24E008E9BAF /* Resources */ = {
			isa = PBXResourcesBuildPhase;
			buildActionMask = 2147483647;
			files = (
				A0F1F2B52017D61400304CA1 /* Main.storyboard in Resources */,
				A0F1F2A62017D58900304CA1 /* Assets.xcassets in Resources */,
				A0F1F2B42017D61400304CA1 /* LaunchScreen.storyboard in Resources */,
				A02A5245201B080200B65316 /* Mock.json in Resources */,
			);
			runOnlyForDeploymentPostprocessing = 0;
		};
		A0B032402017C24E008E9BAF /* Resources */ = {
			isa = PBXResourcesBuildPhase;
			buildActionMask = 2147483647;
			files = (
			);
			runOnlyForDeploymentPostprocessing = 0;
		};
/* End PBXResourcesBuildPhase section */

/* Begin PBXSourcesBuildPhase section */
		A0B0322A2017C24E008E9BAF /* Sources */ = {
			isa = PBXSourcesBuildPhase;
			buildActionMask = 2147483647;
			files = (
				A0F1F2BE2017D74E00304CA1 /* AccessToken.swift in Sources */,
				A042B2702018F7E400D76272 /* DetailViewController.swift in Sources */,
				A0F1F2A52017D58900304CA1 /* AppDelegate.swift in Sources */,
				A0F1F2C22018DC5200304CA1 /* HomeViewModel.swift in Sources */,
				A042B26E2018EC6100D76272 /* GameCell.swift in Sources */,
				A0F1F2BA2017D69C00304CA1 /* Error+Extension.swift in Sources */,
				A042B2692018EB9F00D76272 /* UIViewController+Extension.swift in Sources */,
				A0F1F2B72017D62E00304CA1 /* BaseAPI.swift in Sources */,
				A0F1F2C82018DF9B00304CA1 /* GameResult.swift in Sources */,
				A042B2792019171700D76272 /* LocalDataBase.swift in Sources */,
				A0F1F2C42018DD5D00304CA1 /* Game.swift in Sources */,
				A042B26B2018EBCB00D76272 /* UICollectionViewCell+Extension.swift in Sources */,
				A042B2722018F98B00D76272 /* DetailGameViewModel.swift in Sources */,
				A069C76B201A683E0012194E /* Favorite.xcdatamodeld in Sources */,
				A042B2652018E28100D76272 /* GameBoxImage.swift in Sources */,
				A02A5243201AFC5300B65316 /* FavoriteManager.swift in Sources */,
				A0F1F2BC2017D72900304CA1 /* AccessTokenRequest.swift in Sources */,
				A0F1F2C62018DD7F00304CA1 /* GameRequest.swift in Sources */,
				A0F1F2C02017DA9300304CA1 /* HomeViewController.swift in Sources */,
				A042B2672018E77700D76272 /* Array+Extension.swift in Sources */,
				A0F1F2CA2018E03500304CA1 /* GameModel.swift in Sources */,
			);
			runOnlyForDeploymentPostprocessing = 0;
		};
		A0B0323E2017C24E008E9BAF /* Sources */ = {
			isa = PBXSourcesBuildPhase;
			buildActionMask = 2147483647;
			files = (
				A02A524B201B11FB00B65316 /* GameResultTests.swift in Sources */,
				A02A5249201B090600B65316 /* GamesViewModelTests.swift in Sources */,
			);
			runOnlyForDeploymentPostprocessing = 0;
		};
/* End PBXSourcesBuildPhase section */

/* Begin PBXTargetDependency section */
		A0B032442017C24E008E9BAF /* PBXTargetDependency */ = {
			isa = PBXTargetDependency;
			target = A0B0322D2017C24E008E9BAF /* Games */;
			targetProxy = A0B032432017C24E008E9BAF /* PBXContainerItemProxy */;
		};
/* End PBXTargetDependency section */

/* Begin XCBuildConfiguration section */
		A0B032492017C24E008E9BAF /* Debug */ = {
			isa = XCBuildConfiguration;
			buildSettings = {
				ALWAYS_SEARCH_USER_PATHS = NO;
				CLANG_ANALYZER_NONNULL = YES;
				CLANG_ANALYZER_NUMBER_OBJECT_CONVERSION = YES_AGGRESSIVE;
				CLANG_CXX_LANGUAGE_STANDARD = "gnu++14";
				CLANG_CXX_LIBRARY = "libc++";
				CLANG_ENABLE_MODULES = YES;
				CLANG_ENABLE_OBJC_ARC = YES;
				CLANG_WARN_BLOCK_CAPTURE_AUTORELEASING = YES;
				CLANG_WARN_BOOL_CONVERSION = YES;
				CLANG_WARN_COMMA = YES;
				CLANG_WARN_CONSTANT_CONVERSION = YES;
				CLANG_WARN_DIRECT_OBJC_ISA_USAGE = YES_ERROR;
				CLANG_WARN_DOCUMENTATION_COMMENTS = YES;
				CLANG_WARN_EMPTY_BODY = YES;
				CLANG_WARN_ENUM_CONVERSION = YES;
				CLANG_WARN_INFINITE_RECURSION = YES;
				CLANG_WARN_INT_CONVERSION = YES;
				CLANG_WARN_NON_LITERAL_NULL_CONVERSION = YES;
				CLANG_WARN_OBJC_LITERAL_CONVERSION = YES;
				CLANG_WARN_OBJC_ROOT_CLASS = YES_ERROR;
				CLANG_WARN_RANGE_LOOP_ANALYSIS = YES;
				CLANG_WARN_STRICT_PROTOTYPES = YES;
				CLANG_WARN_SUSPICIOUS_MOVE = YES;
				CLANG_WARN_UNGUARDED_AVAILABILITY = YES_AGGRESSIVE;
				CLANG_WARN_UNREACHABLE_CODE = YES;
				CLANG_WARN__DUPLICATE_METHOD_MATCH = YES;
				CODE_SIGN_IDENTITY = "iPhone Developer";
				COPY_PHASE_STRIP = NO;
				DEBUG_INFORMATION_FORMAT = dwarf;
				ENABLE_STRICT_OBJC_MSGSEND = YES;
				ENABLE_TESTABILITY = YES;
				GCC_C_LANGUAGE_STANDARD = gnu11;
				GCC_DYNAMIC_NO_PIC = NO;
				GCC_NO_COMMON_BLOCKS = YES;
				GCC_OPTIMIZATION_LEVEL = 0;
				GCC_PREPROCESSOR_DEFINITIONS = (
					"DEBUG=1",
					"$(inherited)",
				);
				GCC_WARN_64_TO_32_BIT_CONVERSION = YES;
				GCC_WARN_ABOUT_RETURN_TYPE = YES_ERROR;
				GCC_WARN_UNDECLARED_SELECTOR = YES;
				GCC_WARN_UNINITIALIZED_AUTOS = YES_AGGRESSIVE;
				GCC_WARN_UNUSED_FUNCTION = YES;
				GCC_WARN_UNUSED_VARIABLE = YES;
				IPHONEOS_DEPLOYMENT_TARGET = 11.1;
				MTL_ENABLE_DEBUG_INFO = YES;
				ONLY_ACTIVE_ARCH = YES;
				SDKROOT = iphoneos;
				SWIFT_ACTIVE_COMPILATION_CONDITIONS = DEBUG;
				SWIFT_OPTIMIZATION_LEVEL = "-Onone";
			};
			name = Debug;
		};
		A0B0324A2017C24E008E9BAF /* Release */ = {
			isa = XCBuildConfiguration;
			buildSettings = {
				ALWAYS_SEARCH_USER_PATHS = NO;
				CLANG_ANALYZER_NONNULL = YES;
				CLANG_ANALYZER_NUMBER_OBJECT_CONVERSION = YES_AGGRESSIVE;
				CLANG_CXX_LANGUAGE_STANDARD = "gnu++14";
				CLANG_CXX_LIBRARY = "libc++";
				CLANG_ENABLE_MODULES = YES;
				CLANG_ENABLE_OBJC_ARC = YES;
				CLANG_WARN_BLOCK_CAPTURE_AUTORELEASING = YES;
				CLANG_WARN_BOOL_CONVERSION = YES;
				CLANG_WARN_COMMA = YES;
				CLANG_WARN_CONSTANT_CONVERSION = YES;
				CLANG_WARN_DIRECT_OBJC_ISA_USAGE = YES_ERROR;
				CLANG_WARN_DOCUMENTATION_COMMENTS = YES;
				CLANG_WARN_EMPTY_BODY = YES;
				CLANG_WARN_ENUM_CONVERSION = YES;
				CLANG_WARN_INFINITE_RECURSION = YES;
				CLANG_WARN_INT_CONVERSION = YES;
				CLANG_WARN_NON_LITERAL_NULL_CONVERSION = YES;
				CLANG_WARN_OBJC_LITERAL_CONVERSION = YES;
				CLANG_WARN_OBJC_ROOT_CLASS = YES_ERROR;
				CLANG_WARN_RANGE_LOOP_ANALYSIS = YES;
				CLANG_WARN_STRICT_PROTOTYPES = YES;
				CLANG_WARN_SUSPICIOUS_MOVE = YES;
				CLANG_WARN_UNGUARDED_AVAILABILITY = YES_AGGRESSIVE;
				CLANG_WARN_UNREACHABLE_CODE = YES;
				CLANG_WARN__DUPLICATE_METHOD_MATCH = YES;
				CODE_SIGN_IDENTITY = "iPhone Developer";
				COPY_PHASE_STRIP = NO;
				DEBUG_INFORMATION_FORMAT = "dwarf-with-dsym";
				ENABLE_NS_ASSERTIONS = NO;
				ENABLE_STRICT_OBJC_MSGSEND = YES;
				GCC_C_LANGUAGE_STANDARD = gnu11;
				GCC_NO_COMMON_BLOCKS = YES;
				GCC_WARN_64_TO_32_BIT_CONVERSION = YES;
				GCC_WARN_ABOUT_RETURN_TYPE = YES_ERROR;
				GCC_WARN_UNDECLARED_SELECTOR = YES;
				GCC_WARN_UNINITIALIZED_AUTOS = YES_AGGRESSIVE;
				GCC_WARN_UNUSED_FUNCTION = YES;
				GCC_WARN_UNUSED_VARIABLE = YES;
				IPHONEOS_DEPLOYMENT_TARGET = 11.1;
				MTL_ENABLE_DEBUG_INFO = NO;
				SDKROOT = iphoneos;
				SWIFT_OPTIMIZATION_LEVEL = "-Owholemodule";
				VALIDATE_PRODUCT = YES;
			};
			name = Release;
		};
		A0B0324C2017C24E008E9BAF /* Debug */ = {
			isa = XCBuildConfiguration;
			buildSettings = {
				ALWAYS_EMBED_SWIFT_STANDARD_LIBRARIES = YES;
				ASSETCATALOG_COMPILER_APPICON_NAME = AppIcon;
				CODE_SIGN_STYLE = Automatic;
				DEVELOPMENT_TEAM = H6R55LXW96;
				INFOPLIST_FILE = Games/Info.plist;
				LD_RUNPATH_SEARCH_PATHS = "$(inherited) @executable_path/Frameworks";
				PRODUCT_BUNDLE_IDENTIFIER = com.twitch.Games;
				PRODUCT_NAME = "$(TARGET_NAME)";
				SWIFT_VERSION = 4.0;
				TARGETED_DEVICE_FAMILY = "1,2";
			};
			name = Debug;
		};
		A0B0324D2017C24E008E9BAF /* Release */ = {
			isa = XCBuildConfiguration;
			buildSettings = {
				ALWAYS_EMBED_SWIFT_STANDARD_LIBRARIES = YES;
				ASSETCATALOG_COMPILER_APPICON_NAME = AppIcon;
				CODE_SIGN_STYLE = Automatic;
				DEVELOPMENT_TEAM = H6R55LXW96;
				INFOPLIST_FILE = Games/Info.plist;
				LD_RUNPATH_SEARCH_PATHS = "$(inherited) @executable_path/Frameworks";
				PRODUCT_BUNDLE_IDENTIFIER = com.twitch.Games;
				PRODUCT_NAME = "$(TARGET_NAME)";
				SWIFT_VERSION = 4.0;
				TARGETED_DEVICE_FAMILY = "1,2";
			};
			name = Release;
		};
		A0B0324F2017C24E008E9BAF /* Debug */ = {
			isa = XCBuildConfiguration;
			buildSettings = {
				ALWAYS_EMBED_SWIFT_STANDARD_LIBRARIES = YES;
				BUNDLE_LOADER = "$(TEST_HOST)";
				CODE_SIGN_STYLE = Automatic;
				DEVELOPMENT_TEAM = H6R55LXW96;
				INFOPLIST_FILE = GamesTests/Info.plist;
				LD_RUNPATH_SEARCH_PATHS = "$(inherited) @executable_path/Frameworks @loader_path/Frameworks";
				PRODUCT_BUNDLE_IDENTIFIER = com.twitch.GamesTests;
				PRODUCT_NAME = "$(TARGET_NAME)";
				SWIFT_VERSION = 4.0;
				TARGETED_DEVICE_FAMILY = "1,2";
				TEST_HOST = "$(BUILT_PRODUCTS_DIR)/Games.app/Games";
			};
			name = Debug;
		};
		A0B032502017C24E008E9BAF /* Release */ = {
			isa = XCBuildConfiguration;
			buildSettings = {
				ALWAYS_EMBED_SWIFT_STANDARD_LIBRARIES = YES;
				BUNDLE_LOADER = "$(TEST_HOST)";
				CODE_SIGN_STYLE = Automatic;
				DEVELOPMENT_TEAM = H6R55LXW96;
				INFOPLIST_FILE = GamesTests/Info.plist;
				LD_RUNPATH_SEARCH_PATHS = "$(inherited) @executable_path/Frameworks @loader_path/Frameworks";
				PRODUCT_BUNDLE_IDENTIFIER = com.twitch.GamesTests;
				PRODUCT_NAME = "$(TARGET_NAME)";
				SWIFT_VERSION = 4.0;
				TARGETED_DEVICE_FAMILY = "1,2";
				TEST_HOST = "$(BUILT_PRODUCTS_DIR)/Games.app/Games";
			};
			name = Release;
		};
/* End XCBuildConfiguration section */

/* Begin XCConfigurationList section */
		A0B032292017C24E008E9BAF /* Build configuration list for PBXProject "Games" */ = {
			isa = XCConfigurationList;
			buildConfigurations = (
				A0B032492017C24E008E9BAF /* Debug */,
				A0B0324A2017C24E008E9BAF /* Release */,
			);
			defaultConfigurationIsVisible = 0;
			defaultConfigurationName = Release;
		};
		A0B0324B2017C24E008E9BAF /* Build configuration list for PBXNativeTarget "Games" */ = {
			isa = XCConfigurationList;
			buildConfigurations = (
				A0B0324C2017C24E008E9BAF /* Debug */,
				A0B0324D2017C24E008E9BAF /* Release */,
			);
			defaultConfigurationIsVisible = 0;
			defaultConfigurationName = Release;
		};
		A0B0324E2017C24E008E9BAF /* Build configuration list for PBXNativeTarget "GamesTests" */ = {
			isa = XCConfigurationList;
			buildConfigurations = (
				A0B0324F2017C24E008E9BAF /* Debug */,
				A0B032502017C24E008E9BAF /* Release */,
			);
			defaultConfigurationIsVisible = 0;
			defaultConfigurationName = Release;
		};
/* End XCConfigurationList section */

/* Begin XCVersionGroup section */
		A069C769201A683E0012194E /* Favorite.xcdatamodeld */ = {
			isa = XCVersionGroup;
			children = (
				A069C76A201A683E0012194E /* Favorite.xcdatamodel */,
			);
			currentVersion = A069C76A201A683E0012194E /* Favorite.xcdatamodel */;
			path = Favorite.xcdatamodeld;
			sourceTree = "<group>";
			versionGroupType = wrapper.xcdatamodel;
		};
/* End XCVersionGroup section */
	};
	rootObject = A0B032262017C24E008E9BAF /* Project object */;
}
